
Microsoft Visual Studio Solution File, Format Version 12.00
# Visual Studio Version 16
VisualStudioVersion = 16.0.29123.88
MinimumVisualStudioVersion = 10.0.40219.1
Project("{FAE04EC0-301F-11D3-BF4B-00C04F79EFBC}") = "Api_Projeto", "Api_Projeto\Api_Projeto.csproj", "{65328342-D9C7-4ECF-842E-21B4C20618C5}"
EndProject
Global
	GlobalSection(SolutionConfigurationPlatforms) = preSolution
		Debug|Any CPU = Debug|Any CPU
		Release|Any CPU = Release|Any CPU
	EndGlobalSection
	GlobalSection(ProjectConfigurationPlatforms) = postSolution
		{65328342-D9C7-4ECF-842E-21B4C20618C5}.Debug|Any CPU.ActiveCfg = Debug|Any CPU
		{65328342-D9C7-4ECF-842E-21B4C20618C5}.Debug|Any CPU.Build.0 = Debug|Any CPU
		{65328342-D9C7-4ECF-842E-21B4C20618C5}.Release|Any CPU.ActiveCfg = Release|Any CPU
		{65328342-D9C7-4ECF-842E-21B4C20618C5}.Release|Any CPU.Build.0 = Release|Any CPU
	EndGlobalSection
	GlobalSection(SolutionProperties) = preSolution
		HideSolutionNode = FALSE
	EndGlobalSection
	GlobalSection(ExtensibilityGlobals) = postSolution
		SolutionGuid = {0A9071DF-2843-4EF0-BD53-144B413C3A1B}
	EndGlobalSection
EndGlobal
